
Microsoft Visual Studio Solution File, Format Version 12.00
# Visual Studio Version 17
VisualStudioVersion = 17.5.33424.131
MinimumVisualStudioVersion = 10.0.40219.1
Project("{FAE04EC0-301F-11D3-BF4B-00C04F79EFBC}") = "ExcelHelper", "ExcelHelper.csproj", "{FF14E129-AFCC-4562-B289-700AA6EACB31}"
EndProject
Global
	GlobalSection(SolutionConfigurationPlatforms) = preSolution
		Debug|Any CPU = Debug|Any CPU
		Release|Any CPU = Release|Any CPU
	EndGlobalSection
	GlobalSection(ProjectConfigurationPlatforms) = postSolution
		{FF14E129-AFCC-4562-B289-700AA6EACB31}.Debug|Any CPU.ActiveCfg = Debug|Any CPU
		{FF14E129-AFCC-4562-B289-700AA6EACB31}.Debug|Any CPU.Build.0 = Debug|Any CPU
		{FF14E129-AFCC-4562-B289-700AA6EACB31}.Release|Any CPU.ActiveCfg = Release|Any CPU
		{FF14E129-AFCC-4562-B289-700AA6EACB31}.Release|Any CPU.Build.0 = Release|Any CPU
	EndGlobalSection
	GlobalSection(SolutionProperties) = preSolution
		HideSolutionNode = FALSE
	EndGlobalSection
	GlobalSection(ExtensibilityGlobals) = postSolution
		SolutionGuid = {804FAAC2-D50B-49F9-9A9B-BD87B81B16FC}
	EndGlobalSection
EndGlobal
